
Microsoft Visual Studio Solution File, Format Version 12.00
# Visual Studio Version 17
VisualStudioVersion = 17.6.33717.318
MinimumVisualStudioVersion = 10.0.40219.1
Project("{8BC9CEB8-8B4A-11D0-8D11-00A0C91BC942}") = "lab4", "lab4.vcxproj", "{FF4BF465-58D7-484D-9B1F-582D7BAD409E}"
EndProject
Global
	GlobalSection(SolutionConfigurationPlatforms) = preSolution
		Debug|x64 = Debug|x64
		Debug|x86 = Debug|x86
		Release|x64 = Release|x64
		Release|x86 = Release|x86
	EndGlobalSection
	GlobalSection(ProjectConfigurationPlatforms) = postSolution
		{FF4BF465-58D7-484D-9B1F-582D7BAD409E}.Debug|x64.ActiveCfg = Debug|x64
		{FF4BF465-58D7-484D-9B1F-582D7BAD409E}.Debug|x64.Build.0 = Debug|x64
		{FF4BF465-58D7-484D-9B1F-582D7BAD409E}.Debug|x86.ActiveCfg = Debug|Win32
		{FF4BF465-58D7-484D-9B1F-582D7BAD409E}.Debug|x86.Build.0 = Debug|Win32
		{FF4BF465-58D7-484D-9B1F-582D7BAD409E}.Release|x64.ActiveCfg = Release|x64
		{FF4BF465-58D7-484D-9B1F-582D7BAD409E}.Release|x64.Build.0 = Release|x64
		{FF4BF465-58D7-484D-9B1F-582D7BAD409E}.Release|x86.ActiveCfg = Release|Win32
		{FF4BF465-58D7-484D-9B1F-582D7BAD409E}.Release|x86.Build.0 = Release|Win32
	EndGlobalSection
	GlobalSection(SolutionProperties) = preSolution
		HideSolutionNode = FALSE
	EndGlobalSection
	GlobalSection(ExtensibilityGlobals) = postSolution
		SolutionGuid = {25EE50CB-AB60-4F4F-94F0-3DB2194A19F6}
	EndGlobalSection
EndGlobal
